
Microsoft Visual Studio Solution File, Format Version 12.00
# Visual Studio 2013
VisualStudioVersion = 12.0.31101.0
MinimumVisualStudioVersion = 10.0.40219.1
Project("{8BC9CEB8-8B4A-11D0-8D11-00A0C91BC942}") = "com2tcp", "com2tcp\com2tcp.vcxproj", "{4DF5E603-9690-4C6F-8C66-1D16613BCB17}"
EndProject
Project("{8BC9CEB8-8B4A-11D0-8D11-00A0C91BC942}") = "hub4com", "hub4com\hub4com.vcxproj", "{AC4EC208-ED55-4F9D-ACDD-A57642C3C296}"
EndProject
Project("{8BC9CEB8-8B4A-11D0-8D11-00A0C91BC942}") = "setup", "com0com\setup\setup.vcxproj", "{08D2E270-F479-435D-86EB-89226641BFB4}"
EndProject
Project("{8BC9CEB8-8B4A-11D0-8D11-00A0C91BC942}") = "setupc", "com0com\setupc\setupc.vcxproj", "{9648C887-2ECC-453F-80BD-2793A90CDDF0}"
	ProjectSection(ProjectDependencies) = postProject
		{08D2E270-F479-435D-86EB-89226641BFB4} = {08D2E270-F479-435D-86EB-89226641BFB4}
	EndProjectSection
EndProject
Project("{FAE04EC0-301F-11D3-BF4B-00C04F79EFBC}") = "MainPower.Com0com.Redirector", "MainPower.Com0com.Redirector\MainPower.Com0com.Redirector.csproj", "{22FED73D-39DA-4298-94DE-840272B39BB3}"
EndProject
Project("{8BC9CEB8-8B4A-11D0-8D11-00A0C91BC942}") = "setupg", "com0com\setupg\setupg.vcxproj", "{6ACC2F57-86A2-41D4-8744-5982985E99DA}"
EndProject
Project("{8BC9CEB8-8B4A-11D0-8D11-00A0C91BC942}") = "com0com", "com0com\driver\com0com\com0com.vcxproj", "{71B18420-EE44-4404-BAB2-B9372F2E1779}"
EndProject
Project("{8BC9CEB8-8B4A-11D0-8D11-00A0C91BC942}") = "com0com Package", "com0com\driver\com0com Package\com0com Package.vcxproj", "{5B0B343B-6030-414C-9891-FF4410D827AF}"
	ProjectSection(ProjectDependencies) = postProject
		{71B18420-EE44-4404-BAB2-B9372F2E1779} = {71B18420-EE44-4404-BAB2-B9372F2E1779}
	EndProjectSection
EndProject
Global
	GlobalSection(SolutionConfigurationPlatforms) = preSolution
		Debug|Any CPU = Debug|Any CPU
		Debug|Mixed Platforms = Debug|Mixed Platforms
		Debug|Win32 = Debug|Win32
		Debug|x64 = Debug|x64
		Release|Any CPU = Release|Any CPU
		Release|Mixed Platforms = Release|Mixed Platforms
		Release|Win32 = Release|Win32
		Release|x64 = Release|x64
		Win7 Debug|Any CPU = Win7 Debug|Any CPU
		Win7 Debug|Mixed Platforms = Win7 Debug|Mixed Platforms
		Win7 Debug|Win32 = Win7 Debug|Win32
		Win7 Debug|x64 = Win7 Debug|x64
		Win7 Release|Any CPU = Win7 Release|Any CPU
		Win7 Release|Mixed Platforms = Win7 Release|Mixed Platforms
		Win7 Release|Win32 = Win7 Release|Win32
		Win7 Release|x64 = Win7 Release|x64
		Win8 Debug|Any CPU = Win8 Debug|Any CPU
		Win8 Debug|Mixed Platforms = Win8 Debug|Mixed Platforms
		Win8 Debug|Win32 = Win8 Debug|Win32
		Win8 Debug|x64 = Win8 Debug|x64
		Win8 Release|Any CPU = Win8 Release|Any CPU
		Win8 Release|Mixed Platforms = Win8 Release|Mixed Platforms
		Win8 Release|Win32 = Win8 Release|Win32
		Win8 Release|x64 = Win8 Release|x64
		Win8.1 Debug|Any CPU = Win8.1 Debug|Any CPU
		Win8.1 Debug|Mixed Platforms = Win8.1 Debug|Mixed Platforms
		Win8.1 Debug|Win32 = Win8.1 Debug|Win32
		Win8.1 Debug|x64 = Win8.1 Debug|x64
		Win8.1 Release|Any CPU = Win8.1 Release|Any CPU
		Win8.1 Release|Mixed Platforms = Win8.1 Release|Mixed Platforms
		Win8.1 Release|Win32 = Win8.1 Release|Win32
		Win8.1 Release|x64 = Win8.1 Release|x64
	EndGlobalSection
	GlobalSection(ProjectConfigurationPlatforms) = postSolution
		{4DF5E603-9690-4C6F-8C66-1D16613BCB17}.Debug|Any CPU.ActiveCfg = Debug|Win32
		{4DF5E603-9690-4C6F-8C66-1D16613BCB17}.Debug|Mixed Platforms.ActiveCfg = Debug|Win32
		{4DF5E603-9690-4C6F-8C66-1D16613BCB17}.Debug|Mixed Platforms.Build.0 = Debug|Win32
		{4DF5E603-9690-4C6F-8C66-1D16613BCB17}.Debug|Win32.ActiveCfg = Debug|Win32
		{4DF5E603-9690-4C6F-8C66-1D16613BCB17}.Debug|Win32.Build.0 = Debug|Win32
		{4DF5E603-9690-4C6F-8C66-1D16613BCB17}.Debug|x64.ActiveCfg = Debug|x64
		{4DF5E603-9690-4C6F-8C66-1D16613BCB17}.Debug|x64.Build.0 = Debug|x64
		{4DF5E603-9690-4C6F-8C66-1D16613BCB17}.Release|Any CPU.ActiveCfg = Release|Win32
		{4DF5E603-9690-4C6F-8C66-1D16613BCB17}.Release|Mixed Platforms.ActiveCfg = Release|Win32
		{4DF5E603-9690-4C6F-8C66-1D16613BCB17}.Release|Mixed Platforms.Build.0 = Release|Win32
		{4DF5E603-9690-4C6F-8C66-1D16613BCB17}.Release|Win32.ActiveCfg = Release|Win32
		{4DF5E603-9690-4C6F-8C66-1D16613BCB17}.Release|Win32.Build.0 = Release|Win32
		{4DF5E603-9690-4C6F-8C66-1D16613BCB17}.Release|x64.ActiveCfg = Release|x64
		{4DF5E603-9690-4C6F-8C66-1D16613BCB17}.Release|x64.Build.0 = Release|x64
		{4DF5E603-9690-4C6F-8C66-1D16613BCB17}.Win7 Debug|Any CPU.ActiveCfg = Debug|Win32
		{4DF5E603-9690-4C6F-8C66-1D16613BCB17}.Win7 Debug|Mixed Platforms.ActiveCfg = Debug|Win32
		{4DF5E603-9690-4C6F-8C66-1D16613BCB17}.Win7 Debug|Mixed Platforms.Build.0 = Debug|Win32
		{4DF5E603-9690-4C6F-8C66-1D16613BCB17}.Win7 Debug|Win32.ActiveCfg = Debug|Win32
		{4DF5E603-9690-4C6F-8C66-1D16613BCB17}.Win7 Debug|Win32.Build.0 = Debug|Win32
		{4DF5E603-9690-4C6F-8C66-1D16613BCB17}.Win7 Debug|x64.ActiveCfg = Debug|Win32
		{4DF5E603-9690-4C6F-8C66-1D16613BCB17}.Win7 Release|Any CPU.ActiveCfg = Release|Win32
		{4DF5E603-9690-4C6F-8C66-1D16613BCB17}.Win7 Release|Mixed Platforms.ActiveCfg = Release|Win32
		{4DF5E603-9690-4C6F-8C66-1D16613BCB17}.Win7 Release|Mixed Platforms.Build.0 = Release|Win32
		{4DF5E603-9690-4C6F-8C66-1D16613BCB17}.Win7 Release|Win32.ActiveCfg = Release|Win32
		{4DF5E603-9690-4C6F-8C66-1D16613BCB17}.Win7 Release|Win32.Build.0 = Release|Win32
		{4DF5E603-9690-4C6F-8C66-1D16613BCB17}.Win7 Release|x64.ActiveCfg = Release|Win32
		{4DF5E603-9690-4C6F-8C66-1D16613BCB17}.Win8 Debug|Any CPU.ActiveCfg = Debug|Win32
		{4DF5E603-9690-4C6F-8C66-1D16613BCB17}.Win8 Debug|Mixed Platforms.ActiveCfg = Debug|Win32
		{4DF5E603-9690-4C6F-8C66-1D16613BCB17}.Win8 Debug|Mixed Platforms.Build.0 = Debug|Win32
		{4DF5E603-9690-4C6F-8C66-1D16613BCB17}.Win8 Debug|Win32.ActiveCfg = Debug|Win32
		{4DF5E603-9690-4C6F-8C66-1D16613BCB17}.Win8 Debug|Win32.Build.0 = Debug|Win32
		{4DF5E603-9690-4C6F-8C66-1D16613BCB17}.Win8 Debug|x64.ActiveCfg = Debug|Win32
		{4DF5E603-9690-4C6F-8C66-1D16613BCB17}.Win8 Release|Any CPU.ActiveCfg = Release|Win32
		{4DF5E603-9690-4C6F-8C66-1D16613BCB17}.Win8 Release|Mixed Platforms.ActiveCfg = Release|Win32
		{4DF5E603-9690-4C6F-8C66-1D16613BCB17}.Win8 Release|Mixed Platforms.Build.0 = Release|Win32
		{4DF5E603-9690-4C6F-8C66-1D16613BCB17}.Win8 Release|Win32.ActiveCfg = Release|Win32
		{4DF5E603-9690-4C6F-8C66-1D16613BCB17}.Win8 Release|Win32.Build.0 = Release|Win32
		{4DF5E603-9690-4C6F-8C66-1D16613BCB17}.Win8 Release|x64.ActiveCfg = Release|Win32
		{4DF5E603-9690-4C6F-8C66-1D16613BCB17}.Win8.1 Debug|Any CPU.ActiveCfg = Debug|Win32
		{4DF5E603-9690-4C6F-8C66-1D16613BCB17}.Win8.1 Debug|Mixed Platforms.ActiveCfg = Debug|Win32
		{4DF5E603-9690-4C6F-8C66-1D16613BCB17}.Win8.1 Debug|Mixed Platforms.Build.0 = Debug|Win32
		{4DF5E603-9690-4C6F-8C66-1D16613BCB17}.Win8.1 Debug|Win32.ActiveCfg = Debug|Win32
		{4DF5E603-9690-4C6F-8C66-1D16613BCB17}.Win8.1 Debug|Win32.Build.0 = Debug|Win32
		{4DF5E603-9690-4C6F-8C66-1D16613BCB17}.Win8.1 Debug|x64.ActiveCfg = Debug|x64
		{4DF5E603-9690-4C6F-8C66-1D16613BCB17}.Win8.1 Debug|x64.Build.0 = Debug|x64
		{4DF5E603-9690-4C6F-8C66-1D16613BCB17}.Win8.1 Release|Any CPU.ActiveCfg = Release|Win32
		{4DF5E603-9690-4C6F-8C66-1D16613BCB17}.Win8.1 Release|Mixed Platforms.ActiveCfg = Release|Win32
		{4DF5E603-9690-4C6F-8C66-1D16613BCB17}.Win8.1 Release|Mixed Platforms.Build.0 = Release|Win32
		{4DF5E603-9690-4C6F-8C66-1D16613BCB17}.Win8.1 Release|Win32.ActiveCfg = Release|Win32
		{4DF5E603-9690-4C6F-8C66-1D16613BCB17}.Win8.1 Release|Win32.Build.0 = Release|Win32
		{4DF5E603-9690-4C6F-8C66-1D16613BCB17}.Win8.1 Release|x64.ActiveCfg = Release|x64
		{4DF5E603-9690-4C6F-8C66-1D16613BCB17}.Win8.1 Release|x64.Build.0 = Release|x64
		{AC4EC208-ED55-4F9D-ACDD-A57642C3C296}.Debug|Any CPU.ActiveCfg = Debug|Win32
		{AC4EC208-ED55-4F9D-ACDD-A57642C3C296}.Debug|Mixed Platforms.ActiveCfg = Debug|Win32
		{AC4EC208-ED55-4F9D-ACDD-A57642C3C296}.Debug|Mixed Platforms.Build.0 = Debug|Win32
		{AC4EC208-ED55-4F9D-ACDD-A57642C3C296}.Debug|Win32.ActiveCfg = Debug|Win32
		{AC4EC208-ED55-4F9D-ACDD-A57642C3C296}.Debug|Win32.Build.0 = Debug|Win32
		{AC4EC208-ED55-4F9D-ACDD-A57642C3C296}.Debug|x64.ActiveCfg = Debug|x64
		{AC4EC208-ED55-4F9D-ACDD-A57642C3C296}.Debug|x64.Build.0 = Debug|x64
		{AC4EC208-ED55-4F9D-ACDD-A57642C3C296}.Release|Any CPU.ActiveCfg = Release|Win32
		{AC4EC208-ED55-4F9D-ACDD-A57642C3C296}.Release|Mixed Platforms.ActiveCfg = Release|Win32
		{AC4EC208-ED55-4F9D-ACDD-A57642C3C296}.Release|Mixed Platforms.Build.0 = Release|Win32
		{AC4EC208-ED55-4F9D-ACDD-A57642C3C296}.Release|Win32.ActiveCfg = Release|Win32
		{AC4EC208-ED55-4F9D-ACDD-A57642C3C296}.Release|Win32.Build.0 = Release|Win32
		{AC4EC208-ED55-4F9D-ACDD-A57642C3C296}.Release|x64.ActiveCfg = Release|x64
		{AC4EC208-ED55-4F9D-ACDD-A57642C3C296}.Release|x64.Build.0 = Release|x64
		{AC4EC208-ED55-4F9D-ACDD-A57642C3C296}.Win7 Debug|Any CPU.ActiveCfg = Debug|Win32
		{AC4EC208-ED55-4F9D-ACDD-A57642C3C296}.Win7 Debug|Mixed Platforms.ActiveCfg = Debug|Win32
		{AC4EC208-ED55-4F9D-ACDD-A57642C3C296}.Win7 Debug|Mixed Platforms.Build.0 = Debug|Win32
		{AC4EC208-ED55-4F9D-ACDD-A57642C3C296}.Win7 Debug|Win32.ActiveCfg = Debug|Win32
		{AC4EC208-ED55-4F9D-ACDD-A57642C3C296}.Win7 Debug|Win32.Build.0 = Debug|Win32
		{AC4EC208-ED55-4F9D-ACDD-A57642C3C296}.Win7 Debug|x64.ActiveCfg = Debug|Win32
		{AC4EC208-ED55-4F9D-ACDD-A57642C3C296}.Win7 Release|Any CPU.ActiveCfg = Release|Win32
		{AC4EC208-ED55-4F9D-ACDD-A57642C3C296}.Win7 Release|Mixed Platforms.ActiveCfg = Release|Win32
		{AC4EC208-ED55-4F9D-ACDD-A57642C3C296}.Win7 Release|Mixed Platforms.Build.0 = Release|Win32
		{AC4EC208-ED55-4F9D-ACDD-A57642C3C296}.Win7 Release|Win32.ActiveCfg = Release|Win32
		{AC4EC208-ED55-4F9D-ACDD-A57642C3C296}.Win7 Release|Win32.Build.0 = Release|Win32
		{AC4EC208-ED55-4F9D-ACDD-A57642C3C296}.Win7 Release|x64.ActiveCfg = Release|Win32
		{AC4EC208-ED55-4F9D-ACDD-A57642C3C296}.Win8 Debug|Any CPU.ActiveCfg = Debug|Win32
		{AC4EC208-ED55-4F9D-ACDD-A57642C3C296}.Win8 Debug|Mixed Platforms.ActiveCfg = Debug|Win32
		{AC4EC208-ED55-4F9D-ACDD-A57642C3C296}.Win8 Debug|Mixed Platforms.Build.0 = Debug|Win32
		{AC4EC208-ED55-4F9D-ACDD-A57642C3C296}.Win8 Debug|Win32.ActiveCfg = Debug|Win32
		{AC4EC208-ED55-4F9D-ACDD-A57642C3C296}.Win8 Debug|Win32.Build.0 = Debug|Win32
		{AC4EC208-ED55-4F9D-ACDD-A57642C3C296}.Win8 Debug|x64.ActiveCfg = Debug|Win32
		{AC4EC208-ED55-4F9D-ACDD-A57642C3C296}.Win8 Release|Any CPU.ActiveCfg = Release|Win32
		{AC4EC208-ED55-4F9D-ACDD-A57642C3C296}.Win8 Release|Mixed Platforms.ActiveCfg = Release|Win32
		{AC4EC208-ED55-4F9D-ACDD-A57642C3C296}.Win8 Release|Mixed Platforms.Build.0 = Release|Win32
		{AC4EC208-ED55-4F9D-ACDD-A57642C3C296}.Win8 Release|Win32.ActiveCfg = Release|Win32
		{AC4EC208-ED55-4F9D-ACDD-A57642C3C296}.Win8 Release|Win32.Build.0 = Release|Win32
		{AC4EC208-ED55-4F9D-ACDD-A57642C3C296}.Win8 Release|x64.ActiveCfg = Release|Win32
		{AC4EC208-ED55-4F9D-ACDD-A57642C3C296}.Win8.1 Debug|Any CPU.ActiveCfg = Debug|Win32
		{AC4EC208-ED55-4F9D-ACDD-A57642C3C296}.Win8.1 Debug|Mixed Platforms.ActiveCfg = Debug|Win32
		{AC4EC208-ED55-4F9D-ACDD-A57642C3C296}.Win8.1 Debug|Mixed Platforms.Build.0 = Debug|Win32
		{AC4EC208-ED55-4F9D-ACDD-A57642C3C296}.Win8.1 Debug|Win32.ActiveCfg = Debug|Win32
		{AC4EC208-ED55-4F9D-ACDD-A57642C3C296}.Win8.1 Debug|Win32.Build.0 = Debug|Win32
		{AC4EC208-ED55-4F9D-ACDD-A57642C3C296}.Win8.1 Debug|x64.ActiveCfg = Debug|x64
		{AC4EC208-ED55-4F9D-ACDD-A57642C3C296}.Win8.1 Debug|x64.Build.0 = Debug|x64
		{AC4EC208-ED55-4F9D-ACDD-A57642C3C296}.Win8.1 Release|Any CPU.ActiveCfg = Release|Win32
		{AC4EC208-ED55-4F9D-ACDD-A57642C3C296}.Win8.1 Release|Mixed Platforms.ActiveCfg = Release|Win32
		{AC4EC208-ED55-4F9D-ACDD-A57642C3C296}.Win8.1 Release|Mixed Platforms.Build.0 = Release|Win32
		{AC4EC208-ED55-4F9D-ACDD-A57642C3C296}.Win8.1 Release|Win32.ActiveCfg = Release|Win32
		{AC4EC208-ED55-4F9D-ACDD-A57642C3C296}.Win8.1 Release|Win32.Build.0 = Release|Win32
		{AC4EC208-ED55-4F9D-ACDD-A57642C3C296}.Win8.1 Release|x64.ActiveCfg = Release|x64
		{AC4EC208-ED55-4F9D-ACDD-A57642C3C296}.Win8.1 Release|x64.Build.0 = Release|x64
		{08D2E270-F479-435D-86EB-89226641BFB4}.Debug|Any CPU.ActiveCfg = Debug|Win32
		{08D2E270-F479-435D-86EB-89226641BFB4}.Debug|Mixed Platforms.ActiveCfg = Debug|Win32
		{08D2E270-F479-435D-86EB-89226641BFB4}.Debug|Mixed Platforms.Build.0 = Debug|Win32
		{08D2E270-F479-435D-86EB-89226641BFB4}.Debug|Win32.ActiveCfg = Debug|Win32
		{08D2E270-F479-435D-86EB-89226641BFB4}.Debug|Win32.Build.0 = Debug|Win32
		{08D2E270-F479-435D-86EB-89226641BFB4}.Debug|x64.ActiveCfg = Debug|x64
		{08D2E270-F479-435D-86EB-89226641BFB4}.Debug|x64.Build.0 = Debug|x64
		{08D2E270-F479-435D-86EB-89226641BFB4}.Release|Any CPU.ActiveCfg = Release|Win32
		{08D2E270-F479-435D-86EB-89226641BFB4}.Release|Mixed Platforms.ActiveCfg = Release|Win32
		{08D2E270-F479-435D-86EB-89226641BFB4}.Release|Mixed Platforms.Build.0 = Release|Win32
		{08D2E270-F479-435D-86EB-89226641BFB4}.Release|Win32.ActiveCfg = Release|Win32
		{08D2E270-F479-435D-86EB-89226641BFB4}.Release|Win32.Build.0 = Release|Win32
		{08D2E270-F479-435D-86EB-89226641BFB4}.Release|x64.ActiveCfg = Release|x64
		{08D2E270-F479-435D-86EB-89226641BFB4}.Release|x64.Build.0 = Release|x64
		{08D2E270-F479-435D-86EB-89226641BFB4}.Win7 Debug|Any CPU.ActiveCfg = Debug|Win32
		{08D2E270-F479-435D-86EB-89226641BFB4}.Win7 Debug|Mixed Platforms.ActiveCfg = Debug|Win32
		{08D2E270-F479-435D-86EB-89226641BFB4}.Win7 Debug|Mixed Platforms.Build.0 = Debug|Win32
		{08D2E270-F479-435D-86EB-89226641BFB4}.Win7 Debug|Win32.ActiveCfg = Debug|Win32
		{08D2E270-F479-435D-86EB-89226641BFB4}.Win7 Debug|Win32.Build.0 = Debug|Win32
		{08D2E270-F479-435D-86EB-89226641BFB4}.Win7 Debug|x64.ActiveCfg = Debug|Win32
		{08D2E270-F479-435D-86EB-89226641BFB4}.Win7 Release|Any CPU.ActiveCfg = Release|Win32
		{08D2E270-F479-435D-86EB-89226641BFB4}.Win7 Release|Mixed Platforms.ActiveCfg = Release|Win32
		{08D2E270-F479-435D-86EB-89226641BFB4}.Win7 Release|Mixed Platforms.Build.0 = Release|Win32
		{08D2E270-F479-435D-86EB-89226641BFB4}.Win7 Release|Win32.ActiveCfg = Release|Win32
		{08D2E270-F479-435D-86EB-89226641BFB4}.Win7 Release|Win32.Build.0 = Release|Win32
		{08D2E270-F479-435D-86EB-89226641BFB4}.Win7 Release|x64.ActiveCfg = Release|Win32
		{08D2E270-F479-435D-86EB-89226641BFB4}.Win8 Debug|Any CPU.ActiveCfg = Debug|Win32
		{08D2E270-F479-435D-86EB-89226641BFB4}.Win8 Debug|Mixed Platforms.ActiveCfg = Debug|Win32
		{08D2E270-F479-435D-86EB-89226641BFB4}.Win8 Debug|Mixed Platforms.Build.0 = Debug|Win32
		{08D2E270-F479-435D-86EB-89226641BFB4}.Win8 Debug|Win32.ActiveCfg = Debug|Win32
		{08D2E270-F479-435D-86EB-89226641BFB4}.Win8 Debug|Win32.Build.0 = Debug|Win32
		{08D2E270-F479-435D-86EB-89226641BFB4}.Win8 Debug|x64.ActiveCfg = Debug|Win32
		{08D2E270-F479-435D-86EB-89226641BFB4}.Win8 Release|Any CPU.ActiveCfg = Release|Win32
		{08D2E270-F479-435D-86EB-89226641BFB4}.Win8 Release|Mixed Platforms.ActiveCfg = Release|Win32
		{08D2E270-F479-435D-86EB-89226641BFB4}.Win8 Release|Mixed Platforms.Build.0 = Release|Win32
		{08D2E270-F479-435D-86EB-89226641BFB4}.Win8 Release|Win32.ActiveCfg = Release|Win32
		{08D2E270-F479-435D-86EB-89226641BFB4}.Win8 Release|Win32.Build.0 = Release|Win32
		{08D2E270-F479-435D-86EB-89226641BFB4}.Win8 Release|x64.ActiveCfg = Release|Win32
		{08D2E270-F479-435D-86EB-89226641BFB4}.Win8.1 Debug|Any CPU.ActiveCfg = Debug|Win32
		{08D2E270-F479-435D-86EB-89226641BFB4}.Win8.1 Debug|Mixed Platforms.ActiveCfg = Debug|Win32
		{08D2E270-F479-435D-86EB-89226641BFB4}.Win8.1 Debug|Mixed Platforms.Build.0 = Debug|Win32
		{08D2E270-F479-435D-86EB-89226641BFB4}.Win8.1 Debug|Win32.ActiveCfg = Debug|Win32
		{08D2E270-F479-435D-86EB-89226641BFB4}.Win8.1 Debug|Win32.Build.0 = Debug|Win32
		{08D2E270-F479-435D-86EB-89226641BFB4}.Win8.1 Debug|x64.ActiveCfg = Debug|x64
		{08D2E270-F479-435D-86EB-89226641BFB4}.Win8.1 Debug|x64.Build.0 = Debug|x64
		{08D2E270-F479-435D-86EB-89226641BFB4}.Win8.1 Release|Any CPU.ActiveCfg = Release|Win32
		{08D2E270-F479-435D-86EB-89226641BFB4}.Win8.1 Release|Mixed Platforms.ActiveCfg = Release|Win32
		{08D2E270-F479-435D-86EB-89226641BFB4}.Win8.1 Release|Mixed Platforms.Build.0 = Release|Win32
		{08D2E270-F479-435D-86EB-89226641BFB4}.Win8.1 Release|Win32.ActiveCfg = Release|Win32
		{08D2E270-F479-435D-86EB-89226641BFB4}.Win8.1 Release|Win32.Build.0 = Release|Win32
		{08D2E270-F479-435D-86EB-89226641BFB4}.Win8.1 Release|x64.ActiveCfg = Release|x64
		{08D2E270-F479-435D-86EB-89226641BFB4}.Win8.1 Release|x64.Build.0 = Release|x64
		{9648C887-2ECC-453F-80BD-2793A90CDDF0}.Debug|Any CPU.ActiveCfg = Debug|Win32
		{9648C887-2ECC-453F-80BD-2793A90CDDF0}.Debug|Mixed Platforms.ActiveCfg = Debug|Win32
		{9648C887-2ECC-453F-80BD-2793A90CDDF0}.Debug|Mixed Platforms.Build.0 = Debug|Win32
		{9648C887-2ECC-453F-80BD-2793A90CDDF0}.Debug|Win32.ActiveCfg = Debug|Win32
		{9648C887-2ECC-453F-80BD-2793A90CDDF0}.Debug|Win32.Build.0 = Debug|Win32
		{9648C887-2ECC-453F-80BD-2793A90CDDF0}.Debug|x64.ActiveCfg = Debug|x64
		{9648C887-2ECC-453F-80BD-2793A90CDDF0}.Debug|x64.Build.0 = Debug|x64
		{9648C887-2ECC-453F-80BD-2793A90CDDF0}.Release|Any CPU.ActiveCfg = Release|Win32
		{9648C887-2ECC-453F-80BD-2793A90CDDF0}.Release|Mixed Platforms.ActiveCfg = Release|Win32
		{9648C887-2ECC-453F-80BD-2793A90CDDF0}.Release|Mixed Platforms.Build.0 = Release|Win32
		{9648C887-2ECC-453F-80BD-2793A90CDDF0}.Release|Win32.ActiveCfg = Release|Win32
		{9648C887-2ECC-453F-80BD-2793A90CDDF0}.Release|Win32.Build.0 = Release|Win32
		{9648C887-2ECC-453F-80BD-2793A90CDDF0}.Release|x64.ActiveCfg = Release|x64
		{9648C887-2ECC-453F-80BD-2793A90CDDF0}.Release|x64.Build.0 = Release|x64
		{9648C887-2ECC-453F-80BD-2793A90CDDF0}.Win7 Debug|Any CPU.ActiveCfg = Debug|Win32
		{9648C887-2ECC-453F-80BD-2793A90CDDF0}.Win7 Debug|Mixed Platforms.ActiveCfg = Debug|Win32
		{9648C887-2ECC-453F-80BD-2793A90CDDF0}.Win7 Debug|Mixed Platforms.Build.0 = Debug|Win32
		{9648C887-2ECC-453F-80BD-2793A90CDDF0}.Win7 Debug|Win32.ActiveCfg = Debug|Win32
		{9648C887-2ECC-453F-80BD-2793A90CDDF0}.Win7 Debug|Win32.Build.0 = Debug|Win32
		{9648C887-2ECC-453F-80BD-2793A90CDDF0}.Win7 Debug|x64.ActiveCfg = Debug|Win32
		{9648C887-2ECC-453F-80BD-2793A90CDDF0}.Win7 Release|Any CPU.ActiveCfg = Release|Win32
		{9648C887-2ECC-453F-80BD-2793A90CDDF0}.Win7 Release|Mixed Platforms.ActiveCfg = Release|Win32
		{9648C887-2ECC-453F-80BD-2793A90CDDF0}.Win7 Release|Mixed Platforms.Build.0 = Release|Win32
		{9648C887-2ECC-453F-80BD-2793A90CDDF0}.Win7 Release|Win32.ActiveCfg = Release|Win32
		{9648C887-2ECC-453F-80BD-2793A90CDDF0}.Win7 Release|Win32.Build.0 = Release|Win32
		{9648C887-2ECC-453F-80BD-2793A90CDDF0}.Win7 Release|x64.ActiveCfg = Release|Win32
		{9648C887-2ECC-453F-80BD-2793A90CDDF0}.Win8 Debug|Any CPU.ActiveCfg = Debug|Win32
		{9648C887-2ECC-453F-80BD-2793A90CDDF0}.Win8 Debug|Mixed Platforms.ActiveCfg = Debug|Win32
		{9648C887-2ECC-453F-80BD-2793A90CDDF0}.Win8 Debug|Mixed Platforms.Build.0 = Debug|Win32
		{9648C887-2ECC-453F-80BD-2793A90CDDF0}.Win8 Debug|Win32.ActiveCfg = Debug|Win32
		{9648C887-2ECC-453F-80BD-2793A90CDDF0}.Win8 Debug|Win32.Build.0 = Debug|Win32
		{9648C887-2ECC-453F-80BD-2793A90CDDF0}.Win8 Debug|x64.ActiveCfg = Debug|Win32
		{9648C887-2ECC-453F-80BD-2793A90CDDF0}.Win8 Release|Any CPU.ActiveCfg = Release|Win32
		{9648C887-2ECC-453F-80BD-2793A90CDDF0}.Win8 Release|Mixed Platforms.ActiveCfg = Release|Win32
		{9648C887-2ECC-453F-80BD-2793A90CDDF0}.Win8 Release|Mixed Platforms.Build.0 = Release|Win32
		{9648C887-2ECC-453F-80BD-2793A90CDDF0}.Win8 Release|Win32.ActiveCfg = Release|Win32
		{9648C887-2ECC-453F-80BD-2793A90CDDF0}.Win8 Release|Win32.Build.0 = Release|Win32
		{9648C887-2ECC-453F-80BD-2793A90CDDF0}.Win8 Release|x64.ActiveCfg = Release|Win32
		{9648C887-2ECC-453F-80BD-2793A90CDDF0}.Win8.1 Debug|Any CPU.ActiveCfg = Debug|Win32
		{9648C887-2ECC-453F-80BD-2793A90CDDF0}.Win8.1 Debug|Mixed Platforms.ActiveCfg = Debug|Win32
		{9648C887-2ECC-453F-80BD-2793A90CDDF0}.Win8.1 Debug|Mixed Platforms.Build.0 = Debug|Win32
		{9648C887-2ECC-453F-80BD-2793A90CDDF0}.Win8.1 Debug|Win32.ActiveCfg = Debug|Win32
		{9648C887-2ECC-453F-80BD-2793A90CDDF0}.Win8.1 Debug|Win32.Build.0 = Debug|Win32
		{9648C887-2ECC-453F-80BD-2793A90CDDF0}.Win8.1 Debug|x64.ActiveCfg = Debug|x64
		{9648C887-2ECC-453F-80BD-2793A90CDDF0}.Win8.1 Debug|x64.Build.0 = Debug|x64
		{9648C887-2ECC-453F-80BD-2793A90CDDF0}.Win8.1 Release|Any CPU.ActiveCfg = Release|Win32
		{9648C887-2ECC-453F-80BD-2793A90CDDF0}.Win8.1 Release|Mixed Platforms.ActiveCfg = Release|Win32
		{9648C887-2ECC-453F-80BD-2793A90CDDF0}.Win8.1 Release|Mixed Platforms.Build.0 = Release|Win32
		{9648C887-2ECC-453F-80BD-2793A90CDDF0}.Win8.1 Release|Win32.ActiveCfg = Release|Win32
		{9648C887-2ECC-453F-80BD-2793A90CDDF0}.Win8.1 Release|Win32.Build.0 = Release|Win32
		{9648C887-2ECC-453F-80BD-2793A90CDDF0}.Win8.1 Release|x64.ActiveCfg = Release|x64
		{9648C887-2ECC-453F-80BD-2793A90CDDF0}.Win8.1 Release|x64.Build.0 = Release|x64
		{22FED73D-39DA-4298-94DE-840272B39BB3}.Debug|Any CPU.ActiveCfg = Debug|Any CPU
		{22FED73D-39DA-4298-94DE-840272B39BB3}.Debug|Any CPU.Build.0 = Debug|Any CPU
		{22FED73D-39DA-4298-94DE-840272B39BB3}.Debug|Mixed Platforms.ActiveCfg = Debug|Any CPU
		{22FED73D-39DA-4298-94DE-840272B39BB3}.Debug|Mixed Platforms.Build.0 = Debug|Any CPU
		{22FED73D-39DA-4298-94DE-840272B39BB3}.Debug|Win32.ActiveCfg = Debug|Any CPU
		{22FED73D-39DA-4298-94DE-840272B39BB3}.Debug|x64.ActiveCfg = Debug|Any CPU
		{22FED73D-39DA-4298-94DE-840272B39BB3}.Debug|x64.Build.0 = Debug|Any CPU
		{22FED73D-39DA-4298-94DE-840272B39BB3}.Release|Any CPU.ActiveCfg = Release|Any CPU
		{22FED73D-39DA-4298-94DE-840272B39BB3}.Release|Any CPU.Build.0 = Release|Any CPU
		{22FED73D-39DA-4298-94DE-840272B39BB3}.Release|Mixed Platforms.ActiveCfg = Release|Any CPU
		{22FED73D-39DA-4298-94DE-840272B39BB3}.Release|Mixed Platforms.Build.0 = Release|Any CPU
		{22FED73D-39DA-4298-94DE-840272B39BB3}.Release|Win32.ActiveCfg = Release|Any CPU
		{22FED73D-39DA-4298-94DE-840272B39BB3}.Release|x64.ActiveCfg = Release|Any CPU
		{22FED73D-39DA-4298-94DE-840272B39BB3}.Release|x64.Build.0 = Release|Any CPU
		{22FED73D-39DA-4298-94DE-840272B39BB3}.Win7 Debug|Any CPU.ActiveCfg = Debug|Any CPU
		{22FED73D-39DA-4298-94DE-840272B39BB3}.Win7 Debug|Any CPU.Build.0 = Debug|Any CPU
		{22FED73D-39DA-4298-94DE-840272B39BB3}.Win7 Debug|Mixed Platforms.ActiveCfg = Debug|Any CPU
		{22FED73D-39DA-4298-94DE-840272B39BB3}.Win7 Debug|Mixed Platforms.Build.0 = Debug|Any CPU
		{22FED73D-39DA-4298-94DE-840272B39BB3}.Win7 Debug|Win32.ActiveCfg = Debug|Any CPU
		{22FED73D-39DA-4298-94DE-840272B39BB3}.Win7 Debug|x64.ActiveCfg = Debug|Any CPU
		{22FED73D-39DA-4298-94DE-840272B39BB3}.Win7 Release|Any CPU.ActiveCfg = Release|Any CPU
		{22FED73D-39DA-4298-94DE-840272B39BB3}.Win7 Release|Any CPU.Build.0 = Release|Any CPU
		{22FED73D-39DA-4298-94DE-840272B39BB3}.Win7 Release|Mixed Platforms.ActiveCfg = Release|Any CPU
		{22FED73D-39DA-4298-94DE-840272B39BB3}.Win7 Release|Mixed Platforms.Build.0 = Release|Any CPU
		{22FED73D-39DA-4298-94DE-840272B39BB3}.Win7 Release|Win32.ActiveCfg = Release|Any CPU
		{22FED73D-39DA-4298-94DE-840272B39BB3}.Win7 Release|x64.ActiveCfg = Release|Any CPU
		{22FED73D-39DA-4298-94DE-840272B39BB3}.Win8 Debug|Any CPU.ActiveCfg = Debug|Any CPU
		{22FED73D-39DA-4298-94DE-840272B39BB3}.Win8 Debug|Any CPU.Build.0 = Debug|Any CPU
		{22FED73D-39DA-4298-94DE-840272B39BB3}.Win8 Debug|Mixed Platforms.ActiveCfg = Debug|Any CPU
		{22FED73D-39DA-4298-94DE-840272B39BB3}.Win8 Debug|Mixed Platforms.Build.0 = Debug|Any CPU
		{22FED73D-39DA-4298-94DE-840272B39BB3}.Win8 Debug|Win32.ActiveCfg = Debug|Any CPU
		{22FED73D-39DA-4298-94DE-840272B39BB3}.Win8 Debug|x64.ActiveCfg = Debug|Any CPU
		{22FED73D-39DA-4298-94DE-840272B39BB3}.Win8 Release|Any CPU.ActiveCfg = Release|Any CPU
		{22FED73D-39DA-4298-94DE-840272B39BB3}.Win8 Release|Any CPU.Build.0 = Release|Any CPU
		{22FED73D-39DA-4298-94DE-840272B39BB3}.Win8 Release|Mixed Platforms.ActiveCfg = Release|Any CPU
		{22FED73D-39DA-4298-94DE-840272B39BB3}.Win8 Release|Mixed Platforms.Build.0 = Release|Any CPU
		{22FED73D-39DA-4298-94DE-840272B39BB3}.Win8 Release|Win32.ActiveCfg = Release|Any CPU
		{22FED73D-39DA-4298-94DE-840272B39BB3}.Win8 Release|x64.ActiveCfg = Release|Any CPU
		{22FED73D-39DA-4298-94DE-840272B39BB3}.Win8.1 Debug|Any CPU.ActiveCfg = Debug|Any CPU
		{22FED73D-39DA-4298-94DE-840272B39BB3}.Win8.1 Debug|Any CPU.Build.0 = Debug|Any CPU
		{22FED73D-39DA-4298-94DE-840272B39BB3}.Win8.1 Debug|Mixed Platforms.ActiveCfg = Debug|Any CPU
		{22FED73D-39DA-4298-94DE-840272B39BB3}.Win8.1 Debug|Mixed Platforms.Build.0 = Debug|Any CPU
		{22FED73D-39DA-4298-94DE-840272B39BB3}.Win8.1 Debug|Win32.ActiveCfg = Debug|Any CPU
		{22FED73D-39DA-4298-94DE-840272B39BB3}.Win8.1 Debug|x64.ActiveCfg = Debug|Any CPU
		{22FED73D-39DA-4298-94DE-840272B39BB3}.Win8.1 Debug|x64.Build.0 = Debug|Any CPU
		{22FED73D-39DA-4298-94DE-840272B39BB3}.Win8.1 Release|Any CPU.ActiveCfg = Release|Any CPU
		{22FED73D-39DA-4298-94DE-840272B39BB3}.Win8.1 Release|Any CPU.Build.0 = Release|Any CPU
		{22FED73D-39DA-4298-94DE-840272B39BB3}.Win8.1 Release|Mixed Platforms.ActiveCfg = Release|Any CPU
		{22FED73D-39DA-4298-94DE-840272B39BB3}.Win8.1 Release|Mixed Platforms.Build.0 = Release|Any CPU
		{22FED73D-39DA-4298-94DE-840272B39BB3}.Win8.1 Release|Win32.ActiveCfg = Release|Any CPU
		{22FED73D-39DA-4298-94DE-840272B39BB3}.Win8.1 Release|x64.ActiveCfg = Release|Any CPU
		{22FED73D-39DA-4298-94DE-840272B39BB3}.Win8.1 Release|x64.Build.0 = Release|Any CPU
		{6ACC2F57-86A2-41D4-8744-5982985E99DA}.Debug|Any CPU.ActiveCfg = Debug|Win32
		{6ACC2F57-86A2-41D4-8744-5982985E99DA}.Debug|Mixed Platforms.ActiveCfg = Debug|Win32
		{6ACC2F57-86A2-41D4-8744-5982985E99DA}.Debug|Mixed Platforms.Build.0 = Debug|Win32
		{6ACC2F57-86A2-41D4-8744-5982985E99DA}.Debug|Win32.ActiveCfg = Debug|Win32
		{6ACC2F57-86A2-41D4-8744-5982985E99DA}.Debug|Win32.Build.0 = Debug|Win32
		{6ACC2F57-86A2-41D4-8744-5982985E99DA}.Debug|x64.ActiveCfg = Debug|x64
		{6ACC2F57-86A2-41D4-8744-5982985E99DA}.Debug|x64.Build.0 = Debug|x64
		{6ACC2F57-86A2-41D4-8744-5982985E99DA}.Release|Any CPU.ActiveCfg = Release|Win32
		{6ACC2F57-86A2-41D4-8744-5982985E99DA}.Release|Mixed Platforms.ActiveCfg = Release|Win32
		{6ACC2F57-86A2-41D4-8744-5982985E99DA}.Release|Mixed Platforms.Build.0 = Release|Win32
		{6ACC2F57-86A2-41D4-8744-5982985E99DA}.Release|Win32.ActiveCfg = Release|Win32
		{6ACC2F57-86A2-41D4-8744-5982985E99DA}.Release|Win32.Build.0 = Release|Win32
		{6ACC2F57-86A2-41D4-8744-5982985E99DA}.Release|x64.ActiveCfg = Release|x64
		{6ACC2F57-86A2-41D4-8744-5982985E99DA}.Release|x64.Build.0 = Release|x64
		{6ACC2F57-86A2-41D4-8744-5982985E99DA}.Win7 Debug|Any CPU.ActiveCfg = Debug|Win32
		{6ACC2F57-86A2-41D4-8744-5982985E99DA}.Win7 Debug|Mixed Platforms.ActiveCfg = Debug|Win32
		{6ACC2F57-86A2-41D4-8744-5982985E99DA}.Win7 Debug|Mixed Platforms.Build.0 = Debug|Win32
		{6ACC2F57-86A2-41D4-8744-5982985E99DA}.Win7 Debug|Win32.ActiveCfg = Debug|Win32
		{6ACC2F57-86A2-41D4-8744-5982985E99DA}.Win7 Debug|Win32.Build.0 = Debug|Win32
		{6ACC2F57-86A2-41D4-8744-5982985E99DA}.Win7 Debug|x64.ActiveCfg = Debug|Win32
		{6ACC2F57-86A2-41D4-8744-5982985E99DA}.Win7 Release|Any CPU.ActiveCfg = Release|Win32
		{6ACC2F57-86A2-41D4-8744-5982985E99DA}.Win7 Release|Mixed Platforms.ActiveCfg = Release|Win32
		{6ACC2F57-86A2-41D4-8744-5982985E99DA}.Win7 Release|Mixed Platforms.Build.0 = Release|Win32
		{6ACC2F57-86A2-41D4-8744-5982985E99DA}.Win7 Release|Win32.ActiveCfg = Release|Win32
		{6ACC2F57-86A2-41D4-8744-5982985E99DA}.Win7 Release|Win32.Build.0 = Release|Win32
		{6ACC2F57-86A2-41D4-8744-5982985E99DA}.Win7 Release|x64.ActiveCfg = Release|Win32
		{6ACC2F57-86A2-41D4-8744-5982985E99DA}.Win8 Debug|Any CPU.ActiveCfg = Debug|Win32
		{6ACC2F57-86A2-41D4-8744-5982985E99DA}.Win8 Debug|Mixed Platforms.ActiveCfg = Debug|Win32
		{6ACC2F57-86A2-41D4-8744-5982985E99DA}.Win8 Debug|Mixed Platforms.Build.0 = Debug|Win32
		{6ACC2F57-86A2-41D4-8744-5982985E99DA}.Win8 Debug|Win32.ActiveCfg = Debug|Win32
		{6ACC2F57-86A2-41D4-8744-5982985E99DA}.Win8 Debug|Win32.Build.0 = Debug|Win32
		{6ACC2F57-86A2-41D4-8744-5982985E99DA}.Win8 Debug|x64.ActiveCfg = Debug|Win32
		{6ACC2F57-86A2-41D4-8744-5982985E99DA}.Win8 Release|Any CPU.ActiveCfg = Release|Win32
		{6ACC2F57-86A2-41D4-8744-5982985E99DA}.Win8 Release|Mixed Platforms.ActiveCfg = Release|Win32
		{6ACC2F57-86A2-41D4-8744-5982985E99DA}.Win8 Release|Mixed Platforms.Build.0 = Release|Win32
		{6ACC2F57-86A2-41D4-8744-5982985E99DA}.Win8 Release|Win32.ActiveCfg = Release|Win32
		{6ACC2F57-86A2-41D4-8744-5982985E99DA}.Win8 Release|Win32.Build.0 = Release|Win32
		{6ACC2F57-86A2-41D4-8744-5982985E99DA}.Win8 Release|x64.ActiveCfg = Release|Win32
		{6ACC2F57-86A2-41D4-8744-5982985E99DA}.Win8.1 Debug|Any CPU.ActiveCfg = Debug|Win32
		{6ACC2F57-86A2-41D4-8744-5982985E99DA}.Win8.1 Debug|Mixed Platforms.ActiveCfg = Debug|Win32
		{6ACC2F57-86A2-41D4-8744-5982985E99DA}.Win8.1 Debug|Mixed Platforms.Build.0 = Debug|Win32
		{6ACC2F57-86A2-41D4-8744-5982985E99DA}.Win8.1 Debug|Win32.ActiveCfg = Debug|Win32
		{6ACC2F57-86A2-41D4-8744-5982985E99DA}.Win8.1 Debug|Win32.Build.0 = Debug|Win32
		{6ACC2F57-86A2-41D4-8744-5982985E99DA}.Win8.1 Debug|x64.ActiveCfg = Debug|x64
		{6ACC2F57-86A2-41D4-8744-5982985E99DA}.Win8.1 Debug|x64.Build.0 = Debug|x64
		{6ACC2F57-86A2-41D4-8744-5982985E99DA}.Win8.1 Release|Any CPU.ActiveCfg = Release|Win32
		{6ACC2F57-86A2-41D4-8744-5982985E99DA}.Win8.1 Release|Mixed Platforms.ActiveCfg = Release|Win32
		{6ACC2F57-86A2-41D4-8744-5982985E99DA}.Win8.1 Release|Mixed Platforms.Build.0 = Release|Win32
		{6ACC2F57-86A2-41D4-8744-5982985E99DA}.Win8.1 Release|Win32.ActiveCfg = Release|Win32
		{6ACC2F57-86A2-41D4-8744-5982985E99DA}.Win8.1 Release|Win32.Build.0 = Release|Win32
		{6ACC2F57-86A2-41D4-8744-5982985E99DA}.Win8.1 Release|x64.ActiveCfg = Release|x64
		{6ACC2F57-86A2-41D4-8744-5982985E99DA}.Win8.1 Release|x64.Build.0 = Release|x64
		{71B18420-EE44-4404-BAB2-B9372F2E1779}.Debug|Any CPU.ActiveCfg = Win8.1 Debug|Win32
		{71B18420-EE44-4404-BAB2-B9372F2E1779}.Debug|Mixed Platforms.ActiveCfg = Win8.1 Debug|Win32
		{71B18420-EE44-4404-BAB2-B9372F2E1779}.Debug|Mixed Platforms.Build.0 = Win8.1 Debug|Win32
		{71B18420-EE44-4404-BAB2-B9372F2E1779}.Debug|Mixed Platforms.Deploy.0 = Win8.1 Debug|Win32
		{71B18420-EE44-4404-BAB2-B9372F2E1779}.Debug|Win32.ActiveCfg = Win8.1 Debug|Win32
		{71B18420-EE44-4404-BAB2-B9372F2E1779}.Debug|Win32.Build.0 = Win8.1 Debug|Win32
		{71B18420-EE44-4404-BAB2-B9372F2E1779}.Debug|Win32.Deploy.0 = Win8.1 Debug|Win32
		{71B18420-EE44-4404-BAB2-B9372F2E1779}.Debug|x64.ActiveCfg = Win8.1 Debug|x64
		{71B18420-EE44-4404-BAB2-B9372F2E1779}.Debug|x64.Build.0 = Win8.1 Debug|x64
		{71B18420-EE44-4404-BAB2-B9372F2E1779}.Debug|x64.Deploy.0 = Win8.1 Debug|x64
		{71B18420-EE44-4404-BAB2-B9372F2E1779}.Release|Any CPU.ActiveCfg = Win8.1 Release|Win32
		{71B18420-EE44-4404-BAB2-B9372F2E1779}.Release|Mixed Platforms.ActiveCfg = Win8.1 Release|Win32
		{71B18420-EE44-4404-BAB2-B9372F2E1779}.Release|Mixed Platforms.Build.0 = Win8.1 Release|Win32
		{71B18420-EE44-4404-BAB2-B9372F2E1779}.Release|Mixed Platforms.Deploy.0 = Win8.1 Release|Win32
		{71B18420-EE44-4404-BAB2-B9372F2E1779}.Release|Win32.ActiveCfg = Win8.1 Release|Win32
		{71B18420-EE44-4404-BAB2-B9372F2E1779}.Release|Win32.Build.0 = Win8.1 Release|Win32
		{71B18420-EE44-4404-BAB2-B9372F2E1779}.Release|Win32.Deploy.0 = Win8.1 Release|Win32
		{71B18420-EE44-4404-BAB2-B9372F2E1779}.Release|x64.ActiveCfg = Win8.1 Release|x64
		{71B18420-EE44-4404-BAB2-B9372F2E1779}.Release|x64.Build.0 = Win8.1 Release|x64
		{71B18420-EE44-4404-BAB2-B9372F2E1779}.Release|x64.Deploy.0 = Win8.1 Release|x64
		{71B18420-EE44-4404-BAB2-B9372F2E1779}.Win7 Debug|Any CPU.ActiveCfg = Win7 Debug|Win32
		{71B18420-EE44-4404-BAB2-B9372F2E1779}.Win7 Debug|Mixed Platforms.ActiveCfg = Win7 Debug|Win32
		{71B18420-EE44-4404-BAB2-B9372F2E1779}.Win7 Debug|Mixed Platforms.Build.0 = Win7 Debug|Win32
		{71B18420-EE44-4404-BAB2-B9372F2E1779}.Win7 Debug|Mixed Platforms.Deploy.0 = Win7 Debug|Win32
		{71B18420-EE44-4404-BAB2-B9372F2E1779}.Win7 Debug|Win32.ActiveCfg = Win7 Debug|Win32
		{71B18420-EE44-4404-BAB2-B9372F2E1779}.Win7 Debug|Win32.Build.0 = Win7 Debug|Win32
		{71B18420-EE44-4404-BAB2-B9372F2E1779}.Win7 Debug|Win32.Deploy.0 = Win7 Debug|Win32
		{71B18420-EE44-4404-BAB2-B9372F2E1779}.Win7 Debug|x64.ActiveCfg = Win7 Debug|x64
		{71B18420-EE44-4404-BAB2-B9372F2E1779}.Win7 Debug|x64.Build.0 = Win7 Debug|x64
		{71B18420-EE44-4404-BAB2-B9372F2E1779}.Win7 Debug|x64.Deploy.0 = Win7 Debug|x64
		{71B18420-EE44-4404-BAB2-B9372F2E1779}.Win7 Release|Any CPU.ActiveCfg = Win7 Release|Win32
		{71B18420-EE44-4404-BAB2-B9372F2E1779}.Win7 Release|Mixed Platforms.ActiveCfg = Win7 Release|Win32
		{71B18420-EE44-4404-BAB2-B9372F2E1779}.Win7 Release|Mixed Platforms.Build.0 = Win7 Release|Win32
		{71B18420-EE44-4404-BAB2-B9372F2E1779}.Win7 Release|Mixed Platforms.Deploy.0 = Win7 Release|Win32
		{71B18420-EE44-4404-BAB2-B9372F2E1779}.Win7 Release|Win32.ActiveCfg = Win7 Release|Win32
		{71B18420-EE44-4404-BAB2-B9372F2E1779}.Win7 Release|Win32.Build.0 = Win7 Release|Win32
		{71B18420-EE44-4404-BAB2-B9372F2E1779}.Win7 Release|Win32.Deploy.0 = Win7 Release|Win32
		{71B18420-EE44-4404-BAB2-B9372F2E1779}.Win7 Release|x64.ActiveCfg = Win7 Release|x64
		{71B18420-EE44-4404-BAB2-B9372F2E1779}.Win7 Release|x64.Build.0 = Win7 Release|x64
		{71B18420-EE44-4404-BAB2-B9372F2E1779}.Win7 Release|x64.Deploy.0 = Win7 Release|x64
		{71B18420-EE44-4404-BAB2-B9372F2E1779}.Win8 Debug|Any CPU.ActiveCfg = Win8 Debug|Win32
		{71B18420-EE44-4404-BAB2-B9372F2E1779}.Win8 Debug|Mixed Platforms.ActiveCfg = Win8 Debug|Win32
		{71B18420-EE44-4404-BAB2-B9372F2E1779}.Win8 Debug|Mixed Platforms.Build.0 = Win8 Debug|Win32
		{71B18420-EE44-4404-BAB2-B9372F2E1779}.Win8 Debug|Mixed Platforms.Deploy.0 = Win8 Debug|Win32
		{71B18420-EE44-4404-BAB2-B9372F2E1779}.Win8 Debug|Win32.ActiveCfg = Win8 Debug|Win32
		{71B18420-EE44-4404-BAB2-B9372F2E1779}.Win8 Debug|Win32.Build.0 = Win8 Debug|Win32
		{71B18420-EE44-4404-BAB2-B9372F2E1779}.Win8 Debug|Win32.Deploy.0 = Win8 Debug|Win32
		{71B18420-EE44-4404-BAB2-B9372F2E1779}.Win8 Debug|x64.ActiveCfg = Win8 Debug|x64
		{71B18420-EE44-4404-BAB2-B9372F2E1779}.Win8 Debug|x64.Build.0 = Win8 Debug|x64
		{71B18420-EE44-4404-BAB2-B9372F2E1779}.Win8 Debug|x64.Deploy.0 = Win8 Debug|x64
		{71B18420-EE44-4404-BAB2-B9372F2E1779}.Win8 Release|Any CPU.ActiveCfg = Win8 Release|Win32
		{71B18420-EE44-4404-BAB2-B9372F2E1779}.Win8 Release|Mixed Platforms.ActiveCfg = Win8 Release|Win32
		{71B18420-EE44-4404-BAB2-B9372F2E1779}.Win8 Release|Mixed Platforms.Build.0 = Win8 Release|Win32
		{71B18420-EE44-4404-BAB2-B9372F2E1779}.Win8 Release|Mixed Platforms.Deploy.0 = Win8 Release|Win32
		{71B18420-EE44-4404-BAB2-B9372F2E1779}.Win8 Release|Win32.ActiveCfg = Win8 Release|Win32
		{71B18420-EE44-4404-BAB2-B9372F2E1779}.Win8 Release|Win32.Build.0 = Win8 Release|Win32
		{71B18420-EE44-4404-BAB2-B9372F2E1779}.Win8 Release|Win32.Deploy.0 = Win8 Release|Win32
		{71B18420-EE44-4404-BAB2-B9372F2E1779}.Win8 Release|x64.ActiveCfg = Win8 Release|x64
		{71B18420-EE44-4404-BAB2-B9372F2E1779}.Win8 Release|x64.Build.0 = Win8 Release|x64
		{71B18420-EE44-4404-BAB2-B9372F2E1779}.Win8 Release|x64.Deploy.0 = Win8 Release|x64
		{71B18420-EE44-4404-BAB2-B9372F2E1779}.Win8.1 Debug|Any CPU.ActiveCfg = Win8.1 Debug|Win32
		{71B18420-EE44-4404-BAB2-B9372F2E1779}.Win8.1 Debug|Mixed Platforms.ActiveCfg = Win8.1 Debug|Win32
		{71B18420-EE44-4404-BAB2-B9372F2E1779}.Win8.1 Debug|Mixed Platforms.Build.0 = Win8.1 Debug|Win32
		{71B18420-EE44-4404-BAB2-B9372F2E1779}.Win8.1 Debug|Mixed Platforms.Deploy.0 = Win8.1 Debug|Win32
		{71B18420-EE44-4404-BAB2-B9372F2E1779}.Win8.1 Debug|Win32.ActiveCfg = Win8.1 Debug|Win32
		{71B18420-EE44-4404-BAB2-B9372F2E1779}.Win8.1 Debug|Win32.Build.0 = Win8.1 Debug|Win32
		{71B18420-EE44-4404-BAB2-B9372F2E1779}.Win8.1 Debug|Win32.Deploy.0 = Win8.1 Debug|Win32
		{71B18420-EE44-4404-BAB2-B9372F2E1779}.Win8.1 Debug|x64.ActiveCfg = Win8.1 Debug|x64
		{71B18420-EE44-4404-BAB2-B9372F2E1779}.Win8.1 Debug|x64.Build.0 = Win8.1 Debug|x64
		{71B18420-EE44-4404-BAB2-B9372F2E1779}.Win8.1 Debug|x64.Deploy.0 = Win8.1 Debug|x64
		{71B18420-EE44-4404-BAB2-B9372F2E1779}.Win8.1 Release|Any CPU.ActiveCfg = Win8.1 Release|Win32
		{71B18420-EE44-4404-BAB2-B9372F2E1779}.Win8.1 Release|Mixed Platforms.ActiveCfg = Win8.1 Release|Win32
		{71B18420-EE44-4404-BAB2-B9372F2E1779}.Win8.1 Release|Mixed Platforms.Build.0 = Win8.1 Release|Win32
		{71B18420-EE44-4404-BAB2-B9372F2E1779}.Win8.1 Release|Mixed Platforms.Deploy.0 = Win8.1 Release|Win32
		{71B18420-EE44-4404-BAB2-B9372F2E1779}.Win8.1 Release|Win32.ActiveCfg = Win8.1 Release|Win32
		{71B18420-EE44-4404-BAB2-B9372F2E1779}.Win8.1 Release|Win32.Build.0 = Win8.1 Release|Win32
		{71B18420-EE44-4404-BAB2-B9372F2E1779}.Win8.1 Release|Win32.Deploy.0 = Win8.1 Release|Win32
		{71B18420-EE44-4404-BAB2-B9372F2E1779}.Win8.1 Release|x64.ActiveCfg = Win8.1 Release|x64
		{71B18420-EE44-4404-BAB2-B9372F2E1779}.Win8.1 Release|x64.Build.0 = Win8.1 Release|x64
		{71B18420-EE44-4404-BAB2-B9372F2E1779}.Win8.1 Release|x64.Deploy.0 = Win8.1 Release|x64
		{5B0B343B-6030-414C-9891-FF4410D827AF}.Debug|Any CPU.ActiveCfg = Win8.1 Debug|Win32
		{5B0B343B-6030-414C-9891-FF4410D827AF}.Debug|Mixed Platforms.ActiveCfg = Win8.1 Debug|Win32
		{5B0B343B-6030-414C-9891-FF4410D827AF}.Debug|Mixed Platforms.Build.0 = Win8.1 Debug|Win32
		{5B0B343B-6030-414C-9891-FF4410D827AF}.Debug|Mixed Platforms.Deploy.0 = Win8.1 Debug|Win32
		{5B0B343B-6030-414C-9891-FF4410D827AF}.Debug|Win32.ActiveCfg = Win8.1 Debug|Win32
		{5B0B343B-6030-414C-9891-FF4410D827AF}.Debug|Win32.Build.0 = Win8.1 Debug|Win32
		{5B0B343B-6030-414C-9891-FF4410D827AF}.Debug|Win32.Deploy.0 = Win8.1 Debug|Win32
		{5B0B343B-6030-414C-9891-FF4410D827AF}.Debug|x64.ActiveCfg = Win8.1 Debug|x64
		{5B0B343B-6030-414C-9891-FF4410D827AF}.Debug|x64.Build.0 = Win8.1 Debug|x64
		{5B0B343B-6030-414C-9891-FF4410D827AF}.Debug|x64.Deploy.0 = Win8.1 Debug|x64
		{5B0B343B-6030-414C-9891-FF4410D827AF}.Release|Any CPU.ActiveCfg = Win8.1 Release|Win32
		{5B0B343B-6030-414C-9891-FF4410D827AF}.Release|Mixed Platforms.ActiveCfg = Win8.1 Release|Win32
		{5B0B343B-6030-414C-9891-FF4410D827AF}.Release|Mixed Platforms.Build.0 = Win8.1 Release|Win32
		{5B0B343B-6030-414C-9891-FF4410D827AF}.Release|Mixed Platforms.Deploy.0 = Win8.1 Release|Win32
		{5B0B343B-6030-414C-9891-FF4410D827AF}.Release|Win32.ActiveCfg = Win8.1 Release|Win32
		{5B0B343B-6030-414C-9891-FF4410D827AF}.Release|Win32.Build.0 = Win8.1 Release|Win32
		{5B0B343B-6030-414C-9891-FF4410D827AF}.Release|Win32.Deploy.0 = Win8.1 Release|Win32
		{5B0B343B-6030-414C-9891-FF4410D827AF}.Release|x64.ActiveCfg = Win8.1 Release|x64
		{5B0B343B-6030-414C-9891-FF4410D827AF}.Release|x64.Build.0 = Win8.1 Release|x64
		{5B0B343B-6030-414C-9891-FF4410D827AF}.Release|x64.Deploy.0 = Win8.1 Release|x64
		{5B0B343B-6030-414C-9891-FF4410D827AF}.Win7 Debug|Any CPU.ActiveCfg = Win7 Debug|Win32
		{5B0B343B-6030-414C-9891-FF4410D827AF}.Win7 Debug|Mixed Platforms.ActiveCfg = Win7 Debug|Win32
		{5B0B343B-6030-414C-9891-FF4410D827AF}.Win7 Debug|Mixed Platforms.Build.0 = Win7 Debug|Win32
		{5B0B343B-6030-414C-9891-FF4410D827AF}.Win7 Debug|Mixed Platforms.Deploy.0 = Win7 Debug|Win32
		{5B0B343B-6030-414C-9891-FF4410D827AF}.Win7 Debug|Win32.ActiveCfg = Win7 Debug|Win32
		{5B0B343B-6030-414C-9891-FF4410D827AF}.Win7 Debug|Win32.Build.0 = Win7 Debug|Win32
		{5B0B343B-6030-414C-9891-FF4410D827AF}.Win7 Debug|Win32.Deploy.0 = Win7 Debug|Win32
		{5B0B343B-6030-414C-9891-FF4410D827AF}.Win7 Debug|x64.ActiveCfg = Win7 Debug|x64
		{5B0B343B-6030-414C-9891-FF4410D827AF}.Win7 Debug|x64.Build.0 = Win7 Debug|x64
		{5B0B343B-6030-414C-9891-FF4410D827AF}.Win7 Debug|x64.Deploy.0 = Win7 Debug|x64
		{5B0B343B-6030-414C-9891-FF4410D827AF}.Win7 Release|Any CPU.ActiveCfg = Win7 Release|Win32
		{5B0B343B-6030-414C-9891-FF4410D827AF}.Win7 Release|Mixed Platforms.ActiveCfg = Win7 Release|Win32
		{5B0B343B-6030-414C-9891-FF4410D827AF}.Win7 Release|Mixed Platforms.Build.0 = Win7 Release|Win32
		{5B0B343B-6030-414C-9891-FF4410D827AF}.Win7 Release|Mixed Platforms.Deploy.0 = Win7 Release|Win32
		{5B0B343B-6030-414C-9891-FF4410D827AF}.Win7 Release|Win32.ActiveCfg = Win7 Release|Win32
		{5B0B343B-6030-414C-9891-FF4410D827AF}.Win7 Release|Win32.Build.0 = Win7 Release|Win32
		{5B0B343B-6030-414C-9891-FF4410D827AF}.Win7 Release|Win32.Deploy.0 = Win7 Release|Win32
		{5B0B343B-6030-414C-9891-FF4410D827AF}.Win7 Release|x64.ActiveCfg = Win7 Release|x64
		{5B0B343B-6030-414C-9891-FF4410D827AF}.Win7 Release|x64.Build.0 = Win7 Release|x64
		{5B0B343B-6030-414C-9891-FF4410D827AF}.Win7 Release|x64.Deploy.0 = Win7 Release|x64
		{5B0B343B-6030-414C-9891-FF4410D827AF}.Win8 Debug|Any CPU.ActiveCfg = Win8 Debug|Win32
		{5B0B343B-6030-414C-9891-FF4410D827AF}.Win8 Debug|Mixed Platforms.ActiveCfg = Win8 Debug|Win32
		{5B0B343B-6030-414C-9891-FF4410D827AF}.Win8 Debug|Mixed Platforms.Build.0 = Win8 Debug|Win32
		{5B0B343B-6030-414C-9891-FF4410D827AF}.Win8 Debug|Mixed Platforms.Deploy.0 = Win8 Debug|Win32
		{5B0B343B-6030-414C-9891-FF4410D827AF}.Win8 Debug|Win32.ActiveCfg = Win8 Debug|Win32
		{5B0B343B-6030-414C-9891-FF4410D827AF}.Win8 Debug|Win32.Build.0 = Win8 Debug|Win32
		{5B0B343B-6030-414C-9891-FF4410D827AF}.Win8 Debug|Win32.Deploy.0 = Win8 Debug|Win32
		{5B0B343B-6030-414C-9891-FF4410D827AF}.Win8 Debug|x64.ActiveCfg = Win8 Debug|x64
		{5B0B343B-6030-414C-9891-FF4410D827AF}.Win8 Debug|x64.Build.0 = Win8 Debug|x64
		{5B0B343B-6030-414C-9891-FF4410D827AF}.Win8 Debug|x64.Deploy.0 = Win8 Debug|x64
		{5B0B343B-6030-414C-9891-FF4410D827AF}.Win8 Release|Any CPU.ActiveCfg = Win8 Release|Win32
		{5B0B343B-6030-414C-9891-FF4410D827AF}.Win8 Release|Mixed Platforms.ActiveCfg = Win8 Release|Win32
		{5B0B343B-6030-414C-9891-FF4410D827AF}.Win8 Release|Mixed Platforms.Build.0 = Win8 Release|Win32
		{5B0B343B-6030-414C-9891-FF4410D827AF}.Win8 Release|Mixed Platforms.Deploy.0 = Win8 Release|Win32
		{5B0B343B-6030-414C-9891-FF4410D827AF}.Win8 Release|Win32.ActiveCfg = Win8 Release|Win32
		{5B0B343B-6030-414C-9891-FF4410D827AF}.Win8 Release|Win32.Build.0 = Win8 Release|Win32
		{5B0B343B-6030-414C-9891-FF4410D827AF}.Win8 Release|Win32.Deploy.0 = Win8 Release|Win32
		{5B0B343B-6030-414C-9891-FF4410D827AF}.Win8 Release|x64.ActiveCfg = Win8 Release|x64
		{5B0B343B-6030-414C-9891-FF4410D827AF}.Win8 Release|x64.Build.0 = Win8 Release|x64
		{5B0B343B-6030-414C-9891-FF4410D827AF}.Win8 Release|x64.Deploy.0 = Win8 Release|x64
		{5B0B343B-6030-414C-9891-FF4410D827AF}.Win8.1 Debug|Any CPU.ActiveCfg = Win8.1 Debug|Win32
		{5B0B343B-6030-414C-9891-FF4410D827AF}.Win8.1 Debug|Mixed Platforms.ActiveCfg = Win8.1 Debug|Win32
		{5B0B343B-6030-414C-9891-FF4410D827AF}.Win8.1 Debug|Mixed Platforms.Build.0 = Win8.1 Debug|Win32
		{5B0B343B-6030-414C-9891-FF4410D827AF}.Win8.1 Debug|Mixed Platforms.Deploy.0 = Win8.1 Debug|Win32
		{5B0B343B-6030-414C-9891-FF4410D827AF}.Win8.1 Debug|Win32.ActiveCfg = Win8.1 Debug|Win32
		{5B0B343B-6030-414C-9891-FF4410D827AF}.Win8.1 Debug|Win32.Build.0 = Win8.1 Debug|Win32
		{5B0B343B-6030-414C-9891-FF4410D827AF}.Win8.1 Debug|Win32.Deploy.0 = Win8.1 Debug|Win32
		{5B0B343B-6030-414C-9891-FF4410D827AF}.Win8.1 Debug|x64.ActiveCfg = Win8.1 Debug|x64
		{5B0B343B-6030-414C-9891-FF4410D827AF}.Win8.1 Debug|x64.Build.0 = Win8.1 Debug|x64
		{5B0B343B-6030-414C-9891-FF4410D827AF}.Win8.1 Debug|x64.Deploy.0 = Win8.1 Debug|x64
		{5B0B343B-6030-414C-9891-FF4410D827AF}.Win8.1 Release|Any CPU.ActiveCfg = Win8.1 Release|Win32
		{5B0B343B-6030-414C-9891-FF4410D827AF}.Win8.1 Release|Mixed Platforms.ActiveCfg = Win8.1 Release|Win32
		{5B0B343B-6030-414C-9891-FF4410D827AF}.Win8.1 Release|Mixed Platforms.Build.0 = Win8.1 Release|Win32
		{5B0B343B-6030-414C-9891-FF4410D827AF}.Win8.1 Release|Mixed Platforms.Deploy.0 = Win8.1 Release|Win32
		{5B0B343B-6030-414C-9891-FF4410D827AF}.Win8.1 Release|Win32.ActiveCfg = Win8.1 Release|Win32
		{5B0B343B-6030-414C-9891-FF4410D827AF}.Win8.1 Release|Win32.Build.0 = Win8.1 Release|Win32
		{5B0B343B-6030-414C-9891-FF4410D827AF}.Win8.1 Release|Win32.Deploy.0 = Win8.1 Release|Win32
		{5B0B343B-6030-414C-9891-FF4410D827AF}.Win8.1 Release|x64.ActiveCfg = Win8.1 Release|x64
		{5B0B343B-6030-414C-9891-FF4410D827AF}.Win8.1 Release|x64.Build.0 = Win8.1 Release|x64
		{5B0B343B-6030-414C-9891-FF4410D827AF}.Win8.1 Release|x64.Deploy.0 = Win8.1 Release|x64
	EndGlobalSection
	GlobalSection(SolutionProperties) = preSolution
		HideSolutionNode = FALSE
	EndGlobalSection
EndGlobal
