<?xml version="1.0" encoding="utf-8"?>
<Project ToolsVersion="4.0" xmlns="http://schemas.microsoft.com/developer/msbuild/2003">
  <ItemGroup>
    <Filter Include="Source Files">
      <UniqueIdentifier>{4FC737F1-C7A5-4376-A066-2A32D752A2FF}</UniqueIdentifier>
      <Extensions>cpp;c;cc;cxx;def;odl;idl;hpj;bat;asm;asmx</Extensions>
    </Filter>
    <Filter Include="Header Files">
      <UniqueIdentifier>{93995380-89BD-4b04-88EB-625FBE52EBFB}</UniqueIdentifier>
      <Extensions>h;hpp;hxx;hm;inl;inc;xsd</Extensions>
    </Filter>
    <Filter Include="Resource Files">
      <UniqueIdentifier>{67DA6AB6-F800-4c08-8B7A-83BB121AAD01}</UniqueIdentifier>
      <Extensions>rc;ico;cur;bmp;dlg;rc2;rct;bin;rgs;gif;jpg;jpeg;jpe;resx;tiff;tif;png;wav;mfcribbon-ms</Extensions>
    </Filter>
    <Filter Include="Driver Files">
      <UniqueIdentifier>{8E41214B-6785-4CFE-B992-037D68949A14}</UniqueIdentifier>
      <Extensions>inf;inv;inx;mof;mc;</Extensions>
    </Filter>
  </ItemGroup>
  <ItemGroup>
    <ClCompile Include="timeout.c">
      <Filter>Source Files</Filter>
    </ClCompile>
    <ClCompile Include="trace.c">
      <Filter>Source Files</Filter>
    </ClCompile>
    <ClCompile Include="tracetbl.c">
      <Filter>Source Files</Filter>
    </ClCompile>
    <ClCompile Include="wait.c">
      <Filter>Source Files</Filter>
    </ClCompile>
    <ClCompile Include="wmi.c">
      <Filter>Source Files</Filter>
    </ClCompile>
    <ClCompile Include="write.c">
      <Filter>Source Files</Filter>
    </ClCompile>
    <ClCompile Include="adddev.c">
      <Filter>Source Files</Filter>
    </ClCompile>
    <ClCompile Include="bufutils.c">
      <Filter>Source Files</Filter>
    </ClCompile>
    <ClCompile Include="commprop.c">
      <Filter>Source Files</Filter>
    </ClCompile>
    <ClCompile Include="delay.c">
      <Filter>Source Files</Filter>
    </ClCompile>
    <ClCompile Include="fileinfo.c">
      <Filter>Source Files</Filter>
    </ClCompile>
    <ClCompile Include="handflow.c">
      <Filter>Source Files</Filter>
    </ClCompile>
    <ClCompile Include="initunlo.c">
      <Filter>Source Files</Filter>
    </ClCompile>
    <ClCompile Include="io.c">
      <Filter>Source Files</Filter>
    </ClCompile>
    <ClCompile Include="ioctl.c">
      <Filter>Source Files</Filter>
    </ClCompile>
    <ClCompile Include="noise.c">
      <Filter>Source Files</Filter>
    </ClCompile>
    <ClCompile Include="openclos.c">
      <Filter>Source Files</Filter>
    </ClCompile>
    <ClCompile Include="pinouts.c">
      <Filter>Source Files</Filter>
    </ClCompile>
    <ClCompile Include="pnp.c">
      <Filter>Source Files</Filter>
    </ClCompile>
    <ClCompile Include="power.c">
      <Filter>Source Files</Filter>
    </ClCompile>
    <ClCompile Include="rand.c">
      <Filter>Source Files</Filter>
    </ClCompile>
    <ClCompile Include="read.c">
      <Filter>Source Files</Filter>
    </ClCompile>
    <ClCompile Include="showport.c">
      <Filter>Source Files</Filter>
    </ClCompile>
    <ClCompile Include="startirp.c">
      <Filter>Source Files</Filter>
    </ClCompile>
    <ClCompile Include="strutils.c">
      <Filter>Source Files</Filter>
    </ClCompile>
    <ClCompile Include="syslog.c">
      <Filter>Source Files</Filter>
    </ClCompile>
  </ItemGroup>
  <ItemGroup>
    <ClInclude Include="showport.h">
      <Filter>Header Files</Filter>
    </ClInclude>
    <ClInclude Include="strutils.h">
      <Filter>Header Files</Filter>
    </ClInclude>
    <ClInclude Include="syslog.h">
      <Filter>Header Files</Filter>
    </ClInclude>
    <ClInclude Include="timeout.h">
      <Filter>Header Files</Filter>
    </ClInclude>
    <ClInclude Include="trace.h">
      <Filter>Header Files</Filter>
    </ClInclude>
    <ClInclude Include="version.h">
      <Filter>Header Files</Filter>
    </ClInclude>
    <ClInclude Include="bufutils.h">
      <Filter>Header Files</Filter>
    </ClInclude>
    <ClInclude Include="c0clog.h">
      <Filter>Header Files</Filter>
    </ClInclude>
    <ClInclude Include="com0com.h">
      <Filter>Header Files</Filter>
    </ClInclude>
    <ClInclude Include="commprop.h">
      <Filter>Header Files</Filter>
    </ClInclude>
    <ClInclude Include="delay.h">
      <Filter>Header Files</Filter>
    </ClInclude>
    <ClInclude Include="halt.h">
      <Filter>Header Files</Filter>
    </ClInclude>
    <ClInclude Include="handflow.h">
      <Filter>Header Files</Filter>
    </ClInclude>
    <ClInclude Include="noise.h">
      <Filter>Header Files</Filter>
    </ClInclude>
    <ClInclude Include="precomp.h">
      <Filter>Header Files</Filter>
    </ClInclude>
    <ClInclude Include="rand.h">
      <Filter>Header Files</Filter>
    </ClInclude>
  </ItemGroup>
  <ItemGroup>
    <ResourceCompile Include="com0com.rc">
      <Filter>Resource Files</Filter>
    </ResourceCompile>
  </ItemGroup>
  <ItemGroup>
    <Inf Include="cncport.inf">
      <Filter>Driver Files</Filter>
    </Inf>
    <Inf Include="com0com.inf">
      <Filter>Driver Files</Filter>
    </Inf>
    <Inf Include="comport.inf">
      <Filter>Driver Files</Filter>
    </Inf>
  </ItemGroup>
</Project>